{
  "name": "git-datasource",
  "version": "0.0.1",
  "lockfileVersion": 1,
  "requires": true,
  "dependencies": {
    "axios": {
      "version": "0.19.2",
      "resolved": "https://registry.npmjs.org/axios/-/axios-0.19.2.tgz",
      "integrity": "sha1-PqNsXYgY0NX4qKl6bTa4bNwAyyc=",
      "requires": {
        "follow-redirects": "1.5.10"
      }
    },
    "bluebird": {
      "version": "3.7.2",
      "resolved": "https://registry.npmjs.org/bluebird/-/bluebird-3.7.2.tgz",
      "integrity": "sha512-XpNj6GDQzdfW+r2Wnn7xiSAd7TM3jzkxGXBGTtWKuSXv1xUV+azxAm8jdWZN06QTQk+2N2XB9jRDkvbmQmcRtg=="
    },
    "debug": {
      "version": "2.6.9",
      "resolved": "https://registry.npmjs.org/debug/-/debug-2.6.9.tgz",
      "integrity": "sha1-XRKFFd8TT/Mn6QpMk/Tgd6U2NB8=",
      "requires": {
        "ms": "2.0.0"
      }
    },
    "follow-redirects": {
      "version": "1.5.10",
      "resolved": "https://registry.npmjs.org/follow-redirects/-/follow-redirects-1.5.10.tgz",
      "integrity": "sha1-e3qfmuov3/NnhqlP9kPtB/T/Xio=",
      "requires": {
        "debug": "=3.1.0"
      },
      "dependencies": {
        "debug": {
          "version": "3.1.0",
          "resolved": "https://registry.npmjs.org/debug/-/debug-3.1.0.tgz",
          "integrity": "sha1-W7WgZyYotkFJVmuhaBnmFRjGcmE=",
          "requires": {
            "ms": "2.0.0"
          }
        }
      }
    },
    "github-api": {
      "version": "3.3.0",
      "resolved": "https://registry.npmjs.org/github-api/-/github-api-3.3.0.tgz",
      "integrity": "sha512-30pABj/1ciHmlqmjnWXn+A4JL8j9qB2IcQgibrJ7euGbaNRkAj+T6QhJwjLcPx4Hxlj+BP1TcdvaQ/7resw+VA==",
      "requires": {
        "axios": "^0.19.0",
        "debug": "^2.2.0",
        "js-base64": "^2.1.9",
        "utf8": "^2.1.1"
      }
    },
    "js-base64": {
      "version": "2.6.4",
      "resolved": "https://registry.npmjs.org/js-base64/-/js-base64-2.6.4.tgz",
      "integrity": "sha1-9OaGxd4eofhn28rT1G2WlCjfmMQ="
    },
    "ms": {
      "version": "2.0.0",
      "resolved": "https://registry.npmjs.org/ms/-/ms-2.0.0.tgz",
      "integrity": "sha1-VgiurfwAvmwpAd9fmGF4jeDVl8g="
    },
    "utf8": {
      "version": "2.1.2",
      "resolved": "https://registry.npmjs.org/utf8/-/utf8-2.1.2.tgz",
      "integrity": "sha1-H6DZJw6b6FDZsFAn9jUZv0ZFfZY="
    }
  }
}
